
Microsoft Visual Studio Solution File, Format Version 12.00
# Visual Studio 15
VisualStudioVersion = 15.0.27428.2027
MinimumVisualStudioVersion = 10.0.40219.1
Project("{9A19103F-16F7-4668-BE54-9A1E7A4F7556}") = "Dominio", "Dominio\Dominio.csproj", "{CC4044DE-6A02-45FE-87F9-2570F08C9A8F}"
EndProject
Project("{9A19103F-16F7-4668-BE54-9A1E7A4F7556}") = "TesteUnitario", "TesteUnitario\TesteUnitario.csproj", "{EE4CC77A-5F84-444B-828C-5B0024D158F4}"
EndProject
Project("{9A19103F-16F7-4668-BE54-9A1E7A4F7556}") = "TesteIntegracao", "TesteIntegracao\TesteIntegracao.csproj", "{2EC2B43F-65CF-4C2C-A1FB-0F06602EC6A4}"
EndProject
Project("{9A19103F-16F7-4668-BE54-9A1E7A4F7556}") = "Aplicacao", "Aplicacao\Aplicacao.csproj", "{845DCEFF-D178-48DC-90BF-076ADD28B294}"
EndProject
Project("{9A19103F-16F7-4668-BE54-9A1E7A4F7556}") = "API", "API\API.csproj", "{1815CF1E-7B00-4358-9EEF-53E41563F120}"
EndProject
Project("{9A19103F-16F7-4668-BE54-9A1E7A4F7556}") = "InfraMongoDB", "InfraMongoDB\InfraMongoDB.csproj", "{E6881AB9-F6CE-475C-80DD-C41BD95AB6DF}"
EndProject
Project("{2150E333-8FDC-42A3-9474-1A3956D46DE8}") = "Scripts", "Scripts", "{BF082063-4F33-45E2-BA20-2FD626BF5DE1}"
	ProjectSection(SolutionItems) = preProject
		01-Criacao das tabelas.sql = 01-Criacao das tabelas.sql
	EndProjectSection
EndProject
Project("{9A19103F-16F7-4668-BE54-9A1E7A4F7556}") = "ServicoMensageriaRabbitMQ", "ServicoMensageriaRabbitMQ\ServicoMensageriaRabbitMQ.csproj", "{AB52F96E-92D8-449A-BDE3-44192113398A}"
EndProject
Project("{2150E333-8FDC-42A3-9474-1A3956D46DE8}") = "Teste", "Teste", "{39D206BF-2B58-4022-B231-E07102D63C74}"
	ProjectSection(SolutionItems) = preProject
		API_Loja_Stone.postman_collection = API_Loja_Stone.postman_collection
	EndProjectSection
EndProject
Project("{2150E333-8FDC-42A3-9474-1A3956D46DE8}") = "Infra", "Infra", "{A6DDE634-619B-4087-900C-A28ACF89C1B4}"
EndProject
Project("{9A19103F-16F7-4668-BE54-9A1E7A4F7556}") = "InfraSQLServer", "InfraSQLServer\InfraSQLServer.csproj", "{B0302EFF-A4CA-4D98-95B0-78CA8467090A}"
EndProject
Global
	GlobalSection(SolutionConfigurationPlatforms) = preSolution
		Debug|Any CPU = Debug|Any CPU
		Release|Any CPU = Release|Any CPU
	EndGlobalSection
	GlobalSection(ProjectConfigurationPlatforms) = postSolution
		{CC4044DE-6A02-45FE-87F9-2570F08C9A8F}.Debug|Any CPU.ActiveCfg = Debug|Any CPU
		{CC4044DE-6A02-45FE-87F9-2570F08C9A8F}.Debug|Any CPU.Build.0 = Debug|Any CPU
		{CC4044DE-6A02-45FE-87F9-2570F08C9A8F}.Release|Any CPU.ActiveCfg = Release|Any CPU
		{CC4044DE-6A02-45FE-87F9-2570F08C9A8F}.Release|Any CPU.Build.0 = Release|Any CPU
		{EE4CC77A-5F84-444B-828C-5B0024D158F4}.Debug|Any CPU.ActiveCfg = Debug|Any CPU
		{EE4CC77A-5F84-444B-828C-5B0024D158F4}.Debug|Any CPU.Build.0 = Debug|Any CPU
		{EE4CC77A-5F84-444B-828C-5B0024D158F4}.Release|Any CPU.ActiveCfg = Release|Any CPU
		{EE4CC77A-5F84-444B-828C-5B0024D158F4}.Release|Any CPU.Build.0 = Release|Any CPU
		{2EC2B43F-65CF-4C2C-A1FB-0F06602EC6A4}.Debug|Any CPU.ActiveCfg = Debug|Any CPU
		{2EC2B43F-65CF-4C2C-A1FB-0F06602EC6A4}.Debug|Any CPU.Build.0 = Debug|Any CPU
		{2EC2B43F-65CF-4C2C-A1FB-0F06602EC6A4}.Release|Any CPU.ActiveCfg = Release|Any CPU
		{2EC2B43F-65CF-4C2C-A1FB-0F06602EC6A4}.Release|Any CPU.Build.0 = Release|Any CPU
		{845DCEFF-D178-48DC-90BF-076ADD28B294}.Debug|Any CPU.ActiveCfg = Debug|Any CPU
		{845DCEFF-D178-48DC-90BF-076ADD28B294}.Debug|Any CPU.Build.0 = Debug|Any CPU
		{845DCEFF-D178-48DC-90BF-076ADD28B294}.Release|Any CPU.ActiveCfg = Release|Any CPU
		{845DCEFF-D178-48DC-90BF-076ADD28B294}.Release|Any CPU.Build.0 = Release|Any CPU
		{1815CF1E-7B00-4358-9EEF-53E41563F120}.Debug|Any CPU.ActiveCfg = Debug|Any CPU
		{1815CF1E-7B00-4358-9EEF-53E41563F120}.Debug|Any CPU.Build.0 = Debug|Any CPU
		{1815CF1E-7B00-4358-9EEF-53E41563F120}.Release|Any CPU.ActiveCfg = Release|Any CPU
		{1815CF1E-7B00-4358-9EEF-53E41563F120}.Release|Any CPU.Build.0 = Release|Any CPU
		{E6881AB9-F6CE-475C-80DD-C41BD95AB6DF}.Debug|Any CPU.ActiveCfg = Debug|Any CPU
		{E6881AB9-F6CE-475C-80DD-C41BD95AB6DF}.Debug|Any CPU.Build.0 = Debug|Any CPU
		{E6881AB9-F6CE-475C-80DD-C41BD95AB6DF}.Release|Any CPU.ActiveCfg = Release|Any CPU
		{E6881AB9-F6CE-475C-80DD-C41BD95AB6DF}.Release|Any CPU.Build.0 = Release|Any CPU
		{AB52F96E-92D8-449A-BDE3-44192113398A}.Debug|Any CPU.ActiveCfg = Debug|Any CPU
		{AB52F96E-92D8-449A-BDE3-44192113398A}.Debug|Any CPU.Build.0 = Debug|Any CPU
		{AB52F96E-92D8-449A-BDE3-44192113398A}.Release|Any CPU.ActiveCfg = Release|Any CPU
		{AB52F96E-92D8-449A-BDE3-44192113398A}.Release|Any CPU.Build.0 = Release|Any CPU
		{B0302EFF-A4CA-4D98-95B0-78CA8467090A}.Debug|Any CPU.ActiveCfg = Debug|Any CPU
		{B0302EFF-A4CA-4D98-95B0-78CA8467090A}.Debug|Any CPU.Build.0 = Debug|Any CPU
		{B0302EFF-A4CA-4D98-95B0-78CA8467090A}.Release|Any CPU.ActiveCfg = Release|Any CPU
		{B0302EFF-A4CA-4D98-95B0-78CA8467090A}.Release|Any CPU.Build.0 = Release|Any CPU
	EndGlobalSection
	GlobalSection(SolutionProperties) = preSolution
		HideSolutionNode = FALSE
	EndGlobalSection
	GlobalSection(NestedProjects) = preSolution
		{EE4CC77A-5F84-444B-828C-5B0024D158F4} = {39D206BF-2B58-4022-B231-E07102D63C74}
		{2EC2B43F-65CF-4C2C-A1FB-0F06602EC6A4} = {39D206BF-2B58-4022-B231-E07102D63C74}
		{E6881AB9-F6CE-475C-80DD-C41BD95AB6DF} = {A6DDE634-619B-4087-900C-A28ACF89C1B4}
		{AB52F96E-92D8-449A-BDE3-44192113398A} = {A6DDE634-619B-4087-900C-A28ACF89C1B4}
		{B0302EFF-A4CA-4D98-95B0-78CA8467090A} = {A6DDE634-619B-4087-900C-A28ACF89C1B4}
	EndGlobalSection
	GlobalSection(ExtensibilityGlobals) = postSolution
		SolutionGuid = {CD6A97E8-B9B0-4B69-99FD-00AA1FFBE26F}
	EndGlobalSection
EndGlobal
